
Microsoft Visual Studio Solution File, Format Version 12.00
# Visual Studio Version 16
VisualStudioVersion = 16.0.29102.190
MinimumVisualStudioVersion = 10.0.40219.1
Project("{FAE04EC0-301F-11D3-BF4B-00C04F79EFBC}") = "TestPaketBug", "TestPaketBug\TestPaketBug.csproj", "{395F0B61-876B-4CFD-BABB-A7B54A91ACAC}"
EndProject
Global
	GlobalSection(SolutionConfigurationPlatforms) = preSolution
		Debug|Any CPU = Debug|Any CPU
		Release|Any CPU = Release|Any CPU
	EndGlobalSection
	GlobalSection(ProjectConfigurationPlatforms) = postSolution
		{395F0B61-876B-4CFD-BABB-A7B54A91ACAC}.Debug|Any CPU.ActiveCfg = Debug|Any CPU
		{395F0B61-876B-4CFD-BABB-A7B54A91ACAC}.Debug|Any CPU.Build.0 = Debug|Any CPU
		{395F0B61-876B-4CFD-BABB-A7B54A91ACAC}.Release|Any CPU.ActiveCfg = Release|Any CPU
		{395F0B61-876B-4CFD-BABB-A7B54A91ACAC}.Release|Any CPU.Build.0 = Release|Any CPU
	EndGlobalSection
	GlobalSection(SolutionProperties) = preSolution
		HideSolutionNode = FALSE
	EndGlobalSection
	GlobalSection(ExtensibilityGlobals) = postSolution
		SolutionGuid = {008AC2B6-8B53-4686-98C7-D8D9AACFF16B}
	EndGlobalSection
EndGlobal
